// !$*UTF8*$!
{
	archiveVersion = 1;
	classes = {
	};
	objectVersion = 56;
	objects = {

/* Begin PBXBuildFile section */
		63F740072A255840008D1404 /* AppDelegate.swift in Sources */ = {isa = PBXBuildFile; fileRef = 63F740062A255840008D1404 /* AppDelegate.swift */; };
		63F740092A255840008D1404 /* SceneDelegate.swift in Sources */ = {isa = PBXBuildFile; fileRef = 63F740082A255840008D1404 /* SceneDelegate.swift */; };
		63F7400B2A255840008D1404 /* ViewController.swift in Sources */ = {isa = PBXBuildFile; fileRef = 63F7400A2A255840008D1404 /* ViewController.swift */; };
		63F7400E2A255840008D1404 /* Main.storyboard in Resources */ = {isa = PBXBuildFile; fileRef = 63F7400C2A255840008D1404 /* Main.storyboard */; };
		63F740102A255841008D1404 /* Assets.xcassets in Resources */ = {isa = PBXBuildFile; fileRef = 63F7400F2A255841008D1404 /* Assets.xcassets */; };
		63F740132A255841008D1404 /* LaunchScreen.storyboard in Resources */ = {isa = PBXBuildFile; fileRef = 63F740112A255841008D1404 /* LaunchScreen.storyboard */; };
		63F7401D2A25588F008D1404 /* ViewControllerAnimation.swift in Sources */ = {isa = PBXBuildFile; fileRef = 63F7401A2A25588F008D1404 /* ViewControllerAnimation.swift */; };
		63F7401E2A25588F008D1404 /* UIColor+Random.swift in Sources */ = {isa = PBXBuildFile; fileRef = 63F7401B2A25588F008D1404 /* UIColor+Random.swift */; };
		63F7401F2A25588F008D1404 /* TabBarControllerDelegate.swift in Sources */ = {isa = PBXBuildFile; fileRef = 63F7401C2A25588F008D1404 /* TabBarControllerDelegate.swift */; };
/* End PBXBuildFile section */

/* Begin PBXFileReference section */
		63F740032A255840008D1404 /* BaseExample.app */ = {isa = PBXFileReference; explicitFileType = wrapper.application; includeInIndex = 0; path = BaseExample.app; sourceTree = BUILT_PRODUCTS_DIR; };
		63F740062A255840008D1404 /* AppDelegate.swift */ = {isa = PBXFileReference; lastKnownFileType = sourcecode.swift; path = AppDelegate.swift; sourceTree = "<group>"; };
		63F740082A255840008D1404 /* SceneDelegate.swift */ = {isa = PBXFileReference; lastKnownFileType = sourcecode.swift; path = SceneDelegate.swift; sourceTree = "<group>"; };
		63F7400A2A255840008D1404 /* ViewController.swift */ = {isa = PBXFileReference; lastKnownFileType = sourcecode.swift; path = ViewController.swift; sourceTree = "<group>"; };
		63F7400D2A255840008D1404 /* Base */ = {isa = PBXFileReference; lastKnownFileType = file.storyboard; name = Base; path = Base.lproj/Main.storyboard; sourceTree = "<group>"; };
		63F7400F2A255841008D1404 /* Assets.xcassets */ = {isa = PBXFileReference; lastKnownFileType = folder.assetcatalog; path = Assets.xcassets; sourceTree = "<group>"; };
		63F740122A255841008D1404 /* Base */ = {isa = PBXFileReference; lastKnownFileType = file.storyboard; name = Base; path = Base.lproj/LaunchScreen.storyboard; sourceTree = "<group>"; };
		63F740142A255841008D1404 /* Info.plist */ = {isa = PBXFileReference; lastKnownFileType = text.plist.xml; path = Info.plist; sourceTree = "<group>"; };
		63F7401A2A25588F008D1404 /* ViewControllerAnimation.swift */ = {isa = PBXFileReference; fileEncoding = 4; lastKnownFileType = sourcecode.swift; path = ViewControllerAnimation.swift; sourceTree = "<group>"; };
		63F7401B2A25588F008D1404 /* UIColor+Random.swift */ = {isa = PBXFileReference; fileEncoding = 4; lastKnownFileType = sourcecode.swift; path = "UIColor+Random.swift"; sourceTree = "<group>"; };
		63F7401C2A25588F008D1404 /* TabBarControllerDelegate.swift */ = {isa = PBXFileReference; fileEncoding = 4; lastKnownFileType = sourcecode.swift; path = TabBarControllerDelegate.swift; sourceTree = "<group>"; };
/* End PBXFileReference section */

/* Begin PBXFrameworksBuildPhase section */
		63F740002A255840008D1404 /* Frameworks */ = {
			isa = PBXFrameworksBuildPhase;
			buildActionMask = 2147483647;
			files = (
			);
			runOnlyForDeploymentPostprocessing = 0;
		};
/* End PBXFrameworksBuildPhase section */

/* Begin PBXGroup section */
		63F73FFA2A255840008D1404 = {
			isa = PBXGroup;
			children = (
				63F740052A255840008D1404 /* BaseExample */,
				63F740042A255840008D1404 /* Products */,
			);
			sourceTree = "<group>";
		};
		63F740042A255840008D1404 /* Products */ = {
			isa = PBXGroup;
			children = (
				63F740032A255840008D1404 /* BaseExample.app */,
			);
			name = Products;
			sourceTree = "<group>";
		};
		63F740052A255840008D1404 /* BaseExample */ = {
			isa = PBXGroup;
			children = (
				63F740222A2558B3008D1404 /* Presentation Layer */,
				63F740212A2558A9008D1404 /* App Layer */,
				63F7400F2A255841008D1404 /* Assets.xcassets */,
				63F740112A255841008D1404 /* LaunchScreen.storyboard */,
				63F740142A255841008D1404 /* Info.plist */,
			);
			path = BaseExample;
			sourceTree = "<group>";
		};
		63F740202A255893008D1404 /* Extensions */ = {
			isa = PBXGroup;
			children = (
				63F7401B2A25588F008D1404 /* UIColor+Random.swift */,
			);
			path = Extensions;
			sourceTree = "<group>";
		};
		63F740212A2558A9008D1404 /* App Layer */ = {
			isa = PBXGroup;
			children = (
				63F740062A255840008D1404 /* AppDelegate.swift */,
				63F740082A255840008D1404 /* SceneDelegate.swift */,
			);
			path = "App Layer";
			sourceTree = "<group>";
		};
		63F740222A2558B3008D1404 /* Presentation Layer */ = {
			isa = PBXGroup;
			children = (
				63F740202A255893008D1404 /* Extensions */,
				63F7401C2A25588F008D1404 /* TabBarControllerDelegate.swift */,
				63F7401A2A25588F008D1404 /* ViewControllerAnimation.swift */,
				63F7400A2A255840008D1404 /* ViewController.swift */,
				63F7400C2A255840008D1404 /* Main.storyboard */,
			);
			path = "Presentation Layer";
			sourceTree = "<group>";
		};
/* End PBXGroup section */

/* Begin PBXNativeTarget section */
		63F740022A255840008D1404 /* BaseExample */ = {
			isa = PBXNativeTarget;
			buildConfigurationList = 63F740172A255841008D1404 /* Build configuration list for PBXNativeTarget "BaseExample" */;
			buildPhases = (
				63F73FFF2A255840008D1404 /* Sources */,
				63F740002A255840008D1404 /* Frameworks */,
				63F740012A255840008D1404 /* Resources */,
			);
			buildRules = (
			);
			dependencies = (
			);
			name = BaseExample;
			productName = BaseExample;
			productReference = 63F740032A255840008D1404 /* BaseExample.app */;
			productType = "com.apple.product-type.application";
		};
/* End PBXNativeTarget section */

/* Begin PBXProject section */
		63F73FFB2A255840008D1404 /* Project object */ = {
			isa = PBXProject;
			attributes = {
				BuildIndependentTargetsInParallel = 1;
				LastSwiftUpdateCheck = 1420;
				LastUpgradeCheck = 1420;
				TargetAttributes = {
					63F740022A255840008D1404 = {
						CreatedOnToolsVersion = 14.2;
					};
				};
			};
			buildConfigurationList = 63F73FFE2A255840008D1404 /* Build configuration list for PBXProject "BaseExample" */;
			compatibilityVersion = "Xcode 14.0";
			developmentRegion = en;
			hasScannedForEncodings = 0;
			knownRegions = (
				en,
				Base,
			);
			mainGroup = 63F73FFA2A255840008D1404;
			productRefGroup = 63F740042A255840008D1404 /* Products */;
			projectDirPath = "";
			projectRoot = "";
			targets = (
				63F740022A255840008D1404 /* BaseExample */,
			);
		};
/* End PBXProject section */

/* Begin PBXResourcesBuildPhase section */
		63F740012A255840008D1404 /* Resources */ = {
			isa = PBXResourcesBuildPhase;
			buildActionMask = 2147483647;
			files = (
				63F740132A255841008D1404 /* LaunchScreen.storyboard in Resources */,
				63F740102A255841008D1404 /* Assets.xcassets in Resources */,
				63F7400E2A255840008D1404 /* Main.storyboard in Resources */,
			);
			runOnlyForDeploymentPostprocessing = 0;
		};
/* End PBXResourcesBuildPhase section */

/* Begin PBXSourcesBuildPhase section */
		63F73FFF2A255840008D1404 /* Sources */ = {
			isa = PBXSourcesBuildPhase;
			buildActionMask = 2147483647;
			files = (
				63F7401E2A25588F008D1404 /* UIColor+Random.swift in Sources */,
				63F7400B2A255840008D1404 /* ViewController.swift in Sources */,
				63F7401F2A25588F008D1404 /* TabBarControllerDelegate.swift in Sources */,
				63F740072A255840008D1404 /* AppDelegate.swift in Sources */,
				63F740092A255840008D1404 /* SceneDelegate.swift in Sources */,
				63F7401D2A25588F008D1404 /* ViewControllerAnimation.swift in Sources */,
			);
			runOnlyForDeploymentPostprocessing = 0;
		};
/* End PBXSourcesBuildPhase section */

/* Begin PBXVariantGroup section */
		63F7400C2A255840008D1404 /* Main.storyboard */ = {
			isa = PBXVariantGroup;
			children = (
				63F7400D2A255840008D1404 /* Base */,
			);
			name = Main.storyboard;
			sourceTree = "<group>";
		};
		63F740112A255841008D1404 /* LaunchScreen.storyboard */ = {
			isa = PBXVariantGroup;
			children = (
				63F740122A255841008D1404 /* Base */,
			);
			name = LaunchScreen.storyboard;
			sourceTree = "<group>";
		};
/* End PBXVariantGroup section */

/* Begin XCBuildConfiguration section */
		63F740152A255841008D1404 /* Debug */ = {
			isa = XCBuildConfiguration;
			buildSettings = {
				ALWAYS_SEARCH_USER_PATHS = NO;
				CLANG_ANALYZER_NONNULL = YES;
				CLANG_ANALYZER_NUMBER_OBJECT_CONVERSION = YES_AGGRESSIVE;
				CLANG_CXX_LANGUAGE_STANDARD = "gnu++20";
				CLANG_ENABLE_MODULES = YES;
				CLANG_ENABLE_OBJC_ARC = YES;
				CLANG_ENABLE_OBJC_WEAK = YES;
				CLANG_WARN_BLOCK_CAPTURE_AUTORELEASING = YES;
				CLANG_WARN_BOOL_CONVERSION = YES;
				CLANG_WARN_COMMA = YES;
				CLANG_WARN_CONSTANT_CONVERSION = YES;
				CLANG_WARN_DEPRECATED_OBJC_IMPLEMENTATIONS = YES;
				CLANG_WARN_DIRECT_OBJC_ISA_USAGE = YES_ERROR;
				CLANG_WARN_DOCUMENTATION_COMMENTS = YES;
				CLANG_WARN_EMPTY_BODY = YES;
				CLANG_WARN_ENUM_CONVERSION = YES;
				CLANG_WARN_INFINITE_RECURSION = YES;
				CLANG_WARN_INT_CONVERSION = YES;
				CLANG_WARN_NON_LITERAL_NULL_CONVERSION = YES;
				CLANG_WARN_OBJC_IMPLICIT_RETAIN_SELF = YES;
				CLANG_WARN_OBJC_LITERAL_CONVERSION = YES;
				CLANG_WARN_OBJC_ROOT_CLASS = YES_ERROR;
				CLANG_WARN_QUOTED_INCLUDE_IN_FRAMEWORK_HEADER = YES;
				CLANG_WARN_RANGE_LOOP_ANALYSIS = YES;
				CLANG_WARN_STRICT_PROTOTYPES = YES;
				CLANG_WARN_SUSPICIOUS_MOVE = YES;
				CLANG_WARN_UNGUARDED_AVAILABILITY = YES_AGGRESSIVE;
				CLANG_WARN_UNREACHABLE_CODE = YES;
				CLANG_WARN__DUPLICATE_METHOD_MATCH = YES;
				COPY_PHASE_STRIP = NO;
				DEBUG_INFORMATION_FORMAT = dwarf;
				ENABLE_STRICT_OBJC_MSGSEND = YES;
				ENABLE_TESTABILITY = YES;
				GCC_C_LANGUAGE_STANDARD = gnu11;
				GCC_DYNAMIC_NO_PIC = NO;
				GCC_NO_COMMON_BLOCKS = YES;
				GCC_OPTIMIZATION_LEVEL = 0;
				GCC_PREPROCESSOR_DEFINITIONS = (
					"DEBUG=1",
					"$(inherited)",
				);
				GCC_WARN_64_TO_32_BIT_CONVERSION = YES;
				GCC_WARN_ABOUT_RETURN_TYPE = YES_ERROR;
				GCC_WARN_UNDECLARED_SELECTOR = YES;
				GCC_WARN_UNINITIALIZED_AUTOS = YES_AGGRESSIVE;
				GCC_WARN_UNUSED_FUNCTION = YES;
				GCC_WARN_UNUSED_VARIABLE = YES;
				IPHONEOS_DEPLOYMENT_TARGET = 14.0;
				MTL_ENABLE_DEBUG_INFO = INCLUDE_SOURCE;
				MTL_FAST_MATH = YES;
				ONLY_ACTIVE_ARCH = YES;
				SDKROOT = iphoneos;
				SWIFT_ACTIVE_COMPILATION_CONDITIONS = DEBUG;
				SWIFT_OPTIMIZATION_LEVEL = "-Onone";
			};
			name = Debug;
		};
		63F740162A255841008D1404 /* Release */ = {
			isa = XCBuildConfiguration;
			buildSettings = {
				ALWAYS_SEARCH_USER_PATHS = NO;
				CLANG_ANALYZER_NONNULL = YES;
				CLANG_ANALYZER_NUMBER_OBJECT_CONVERSION = YES_AGGRESSIVE;
				CLANG_CXX_LANGUAGE_STANDARD = "gnu++20";
				CLANG_ENABLE_MODULES = YES;
				CLANG_ENABLE_OBJC_ARC = YES;
				CLANG_ENABLE_OBJC_WEAK = YES;
				CLANG_WARN_BLOCK_CAPTURE_AUTORELEASING = YES;
				CLANG_WARN_BOOL_CONVERSION = YES;
				CLANG_WARN_COMMA = YES;
				CLANG_WARN_CONSTANT_CONVERSION = YES;
				CLANG_WARN_DEPRECATED_OBJC_IMPLEMENTATIONS = YES;
				CLANG_WARN_DIRECT_OBJC_ISA_USAGE = YES_ERROR;
				CLANG_WARN_DOCUMENTATION_COMMENTS = YES;
				CLANG_WARN_EMPTY_BODY = YES;
				CLANG_WARN_ENUM_CONVERSION = YES;
				CLANG_WARN_INFINITE_RECURSION = YES;
				CLANG_WARN_INT_CONVERSION = YES;
				CLANG_WARN_NON_LITERAL_NULL_CONVERSION = YES;
				CLANG_WARN_OBJC_IMPLICIT_RETAIN_SELF = YES;
				CLANG_WARN_OBJC_LITERAL_CONVERSION = YES;
				CLANG_WARN_OBJC_ROOT_CLASS = YES_ERROR;
				CLANG_WARN_QUOTED_INCLUDE_IN_FRAMEWORK_HEADER = YES;
				CLANG_WARN_RANGE_LOOP_ANALYSIS = YES;
				CLANG_WARN_STRICT_PROTOTYPES = YES;
				CLANG_WARN_SUSPICIOUS_MOVE = YES;
				CLANG_WARN_UNGUARDED_AVAILABILITY = YES_AGGRESSIVE;
				CLANG_WARN_UNREACHABLE_CODE = YES;
				CLANG_WARN__DUPLICATE_METHOD_MATCH = YES;
				COPY_PHASE_STRIP = NO;
				DEBUG_INFORMATION_FORMAT = "dwarf-with-dsym";
				ENABLE_NS_ASSERTIONS = NO;
				ENABLE_STRICT_OBJC_MSGSEND = YES;
				GCC_C_LANGUAGE_STANDARD = gnu11;
				GCC_NO_COMMON_BLOCKS = YES;
				GCC_WARN_64_TO_32_BIT_CONVERSION = YES;
				GCC_WARN_ABOUT_RETURN_TYPE = YES_ERROR;
				GCC_WARN_UNDECLARED_SELECTOR = YES;
				GCC_WARN_UNINITIALIZED_AUTOS = YES_AGGRESSIVE;
				GCC_WARN_UNUSED_FUNCTION = YES;
				GCC_WARN_UNUSED_VARIABLE = YES;
				IPHONEOS_DEPLOYMENT_TARGET = 14.0;
				MTL_ENABLE_DEBUG_INFO = NO;
				MTL_FAST_MATH = YES;
				SDKROOT = iphoneos;
				SWIFT_COMPILATION_MODE = wholemodule;
				SWIFT_OPTIMIZATION_LEVEL = "-O";
				VALIDATE_PRODUCT = YES;
			};
			name = Release;
		};
		63F740182A255841008D1404 /* Debug */ = {
			isa = XCBuildConfiguration;
			buildSettings = {
				ASSETCATALOG_COMPILER_APPICON_NAME = AppIcon;
				ASSETCATALOG_COMPILER_GLOBAL_ACCENT_COLOR_NAME = AccentColor;
				CODE_SIGN_STYLE = Automatic;
				CURRENT_PROJECT_VERSION = 1;
				DEVELOPMENT_TEAM = 25B3UKSSK8;
				GENERATE_INFOPLIST_FILE = YES;
				INFOPLIST_FILE = BaseExample/Info.plist;
				INFOPLIST_KEY_UIApplicationSupportsIndirectInputEvents = YES;
				INFOPLIST_KEY_UILaunchStoryboardName = LaunchScreen;
				INFOPLIST_KEY_UIMainStoryboardFile = Main;
				INFOPLIST_KEY_UISupportedInterfaceOrientations = UIInterfaceOrientationPortrait;
				INFOPLIST_KEY_UISupportedInterfaceOrientations_iPad = "UIInterfaceOrientationLandscapeLeft UIInterfaceOrientationLandscapeRight UIInterfaceOrientationPortrait UIInterfaceOrientationPortraitUpsideDown";
				LD_RUNPATH_SEARCH_PATHS = (
					"$(inherited)",
					"@executable_path/Frameworks",
				);
				MARKETING_VERSION = 1.0;
				PRODUCT_BUNDLE_IDENTIFIER = ru.netology.BaseExample;
				PRODUCT_NAME = "$(TARGET_NAME)";
				SUPPORTED_PLATFORMS = "iphoneos iphonesimulator";
				SUPPORTS_MACCATALYST = NO;
				SUPPORTS_MAC_DESIGNED_FOR_IPHONE_IPAD = NO;
				SWIFT_EMIT_LOC_STRINGS = YES;
				SWIFT_VERSION = 5.0;
				TARGETED_DEVICE_FAMILY = 1;
			};
			name = Debug;
		};
		63F740192A255841008D1404 /* Release */ = {
			isa = XCBuildConfiguration;
			buildSettings = {
				ASSETCATALOG_COMPILER_APPICON_NAME = AppIcon;
				ASSETCATALOG_COMPILER_GLOBAL_ACCENT_COLOR_NAME = AccentColor;
				CODE_SIGN_STYLE = Automatic;
				CURRENT_PROJECT_VERSION = 1;
				DEVELOPMENT_TEAM = 25B3UKSSK8;
				GENERATE_INFOPLIST_FILE = YES;
				INFOPLIST_FILE = BaseExample/Info.plist;
				INFOPLIST_KEY_UIApplicationSupportsIndirectInputEvents = YES;
				INFOPLIST_KEY_UILaunchStoryboardName = LaunchScreen;
				INFOPLIST_KEY_UIMainStoryboardFile = Main;
				INFOPLIST_KEY_UISupportedInterfaceOrientations = UIInterfaceOrientationPortrait;
				INFOPLIST_KEY_UISupportedInterfaceOrientations_iPad = "UIInterfaceOrientationLandscapeLeft UIInterfaceOrientationLandscapeRight UIInterfaceOrientationPortrait UIInterfaceOrientationPortraitUpsideDown";
				LD_RUNPATH_SEARCH_PATHS = (
					"$(inherited)",
					"@executable_path/Frameworks",
				);
				MARKETING_VERSION = 1.0;
				PRODUCT_BUNDLE_IDENTIFIER = ru.netology.BaseExample;
				PRODUCT_NAME = "$(TARGET_NAME)";
				SUPPORTED_PLATFORMS = "iphoneos iphonesimulator";
				SUPPORTS_MACCATALYST = NO;
				SUPPORTS_MAC_DESIGNED_FOR_IPHONE_IPAD = NO;
				SWIFT_EMIT_LOC_STRINGS = YES;
				SWIFT_VERSION = 5.0;
				TARGETED_DEVICE_FAMILY = 1;
			};
			name = Release;
		};
/* End XCBuildConfiguration section */

/* Begin XCConfigurationList section */
		63F73FFE2A255840008D1404 /* Build configuration list for PBXProject "BaseExample" */ = {
			isa = XCConfigurationList;
			buildConfigurations = (
				63F740152A255841008D1404 /* Debug */,
				63F740162A255841008D1404 /* Release */,
			);
			defaultConfigurationIsVisible = 0;
			defaultConfigurationName = Release;
		};
		63F740172A255841008D1404 /* Build configuration list for PBXNativeTarget "BaseExample" */ = {
			isa = XCConfigurationList;
			buildConfigurations = (
				63F740182A255841008D1404 /* Debug */,
				63F740192A255841008D1404 /* Release */,
			);
			defaultConfigurationIsVisible = 0;
			defaultConfigurationName = Release;
		};
/* End XCConfigurationList section */
	};
	rootObject = 63F73FFB2A255840008D1404 /* Project object */;
}
